// !$*UTF8*$!
{
	archiveVersion = 1;
	classes = {
	};
	objectVersion = 46;
	objects = {

/* Begin PBXBuildFile section */
		BFC250171E43C79200DA783E /* StringController.cpp in Sources */ = {isa = PBXBuildFile; fileRef = BFC250151E43C79200DA783E /* StringController.cpp */; };
		BFC250191E43C7A800DA783E /* StringRunner.cpp in Sources */ = {isa = PBXBuildFile; fileRef = BFC250181E43C7A800DA783E /* StringRunner.cpp */; };
/* End PBXBuildFile section */

/* Begin PBXCopyFilesBuildPhase section */
		BFC250091E43C72500DA783E /* CopyFiles */ = {
			isa = PBXCopyFilesBuildPhase;
			buildActionMask = 2147483647;
			dstPath = /usr/share/man/man1/;
			dstSubfolderSpec = 0;
			files = (
			);
			runOnlyForDeploymentPostprocessing = 1;
		};
/* End PBXCopyFilesBuildPhase section */

/* Begin PBXFileReference section */
		BFC2500B1E43C72500DA783E /* StringProject */ = {isa = PBXFileReference; explicitFileType = "compiled.mach-o.executable"; includeInIndex = 0; path = StringProject; sourceTree = BUILT_PRODUCTS_DIR; };
		BFC250151E43C79200DA783E /* StringController.cpp */ = {isa = PBXFileReference; fileEncoding = 4; lastKnownFileType = sourcecode.cpp.cpp; name = StringController.cpp; path = Controller/StringController.cpp; sourceTree = "<group>"; };
		BFC250161E43C79200DA783E /* StringController.hpp */ = {isa = PBXFileReference; fileEncoding = 4; lastKnownFileType = sourcecode.cpp.h; name = StringController.hpp; path = Controller/StringController.hpp; sourceTree = "<group>"; };
		BFC250181E43C7A800DA783E /* StringRunner.cpp */ = {isa = PBXFileReference; fileEncoding = 4; lastKnownFileType = sourcecode.cpp.cpp; name = StringRunner.cpp; path = Controller/StringRunner.cpp; sourceTree = "<group>"; };
/* End PBXFileReference section */

/* Begin PBXFrameworksBuildPhase section */
		BFC250081E43C72500DA783E /* Frameworks */ = {
			isa = PBXFrameworksBuildPhase;
			buildActionMask = 2147483647;
			files = (
			);
			runOnlyForDeploymentPostprocessing = 0;
		};
/* End PBXFrameworksBuildPhase section */

/* Begin PBXGroup section */
		BFC250021E43C72500DA783E = {
			isa = PBXGroup;
			children = (
				BFC2500D1E43C72500DA783E /* StringProject */,
				BFC2500C1E43C72500DA783E /* Products */,
			);
			sourceTree = "<group>";
		};
		BFC2500C1E43C72500DA783E /* Products */ = {
			isa = PBXGroup;
			children = (
				BFC2500B1E43C72500DA783E /* StringProject */,
			);
			name = Products;
			sourceTree = "<group>";
		};
		BFC2500D1E43C72500DA783E /* StringProject */ = {
			isa = PBXGroup;
			children = (
				BFC2501A1E43C7B600DA783E /* Controller */,
			);
			path = StringProject;
			sourceTree = "<group>";
		};
		BFC2501A1E43C7B600DA783E /* Controller */ = {
			isa = PBXGroup;
			children = (
				BFC250151E43C79200DA783E /* StringController.cpp */,
				BFC250161E43C79200DA783E /* StringController.hpp */,
				BFC250181E43C7A800DA783E /* StringRunner.cpp */,
			);
			name = Controller;
			sourceTree = "<group>";
		};
/* End PBXGroup section */

/* Begin PBXNativeTarget section */
		BFC2500A1E43C72500DA783E /* StringProject */ = {
			isa = PBXNativeTarget;
			buildConfigurationList = BFC250121E43C72500DA783E /* Build configuration list for PBXNativeTarget "StringProject" */;
			buildPhases = (
				BFC250071E43C72500DA783E /* Sources */,
				BFC250081E43C72500DA783E /* Frameworks */,
				BFC250091E43C72500DA783E /* CopyFiles */,
			);
			buildRules = (
			);
			dependencies = (
			);
			name = StringProject;
			productName = StringProject;
			productReference = BFC2500B1E43C72500DA783E /* StringProject */;
			productType = "com.apple.product-type.tool";
		};
/* End PBXNativeTarget section */

/* Begin PBXProject section */
		BFC250031E43C72500DA783E /* Project object */ = {
			isa = PBXProject;
			attributes = {
				LastUpgradeCheck = 0810;
				ORGANIZATIONNAME = "Hill, Isaac";
				TargetAttributes = {
					BFC2500A1E43C72500DA783E = {
						CreatedOnToolsVersion = 8.1;
						ProvisioningStyle = Automatic;
					};
				};
			};
			buildConfigurationList = BFC250061E43C72500DA783E /* Build configuration list for PBXProject "StringProject" */;
			compatibilityVersion = "Xcode 3.2";
			developmentRegion = English;
			hasScannedForEncodings = 0;
			knownRegions = (
				en,
			);
			mainGroup = BFC250021E43C72500DA783E;
			productRefGroup = BFC2500C1E43C72500DA783E /* Products */;
			projectDirPath = "";
			projectRoot = "";
			targets = (
				BFC2500A1E43C72500DA783E /* StringProject */,
			);
		};
/* End PBXProject section */

/* Begin PBXSourcesBuildPhase section */
		BFC250071E43C72500DA783E /* Sources */ = {
			isa = PBXSourcesBuildPhase;
			buildActionMask = 2147483647;
			files = (
				BFC250191E43C7A800DA783E /* StringRunner.cpp in Sources */,
				BFC250171E43C79200DA783E /* StringController.cpp in Sources */,
			);
			runOnlyForDeploymentPostprocessing = 0;
		};
/* End PBXSourcesBuildPhase section */

/* Begin XCBuildConfiguration section */
		BFC250101E43C72500DA783E /* Debug */ = {
			isa = XCBuildConfiguration;
			buildSettings = {
				ALWAYS_SEARCH_USER_PATHS = NO;
				CLANG_ANALYZER_NONNULL = YES;
				CLANG_CXX_LANGUAGE_STANDARD = "gnu++0x";
				CLANG_CXX_LIBRARY = "libc++";
				CLANG_ENABLE_MODULES = YES;
				CLANG_ENABLE_OBJC_ARC = YES;
				CLANG_WARN_BOOL_CONVERSION = YES;
				CLANG_WARN_CONSTANT_CONVERSION = YES;
				CLANG_WARN_DIRECT_OBJC_ISA_USAGE = YES_ERROR;
				CLANG_WARN_DOCUMENTATION_COMMENTS = YES;
				CLANG_WARN_EMPTY_BODY = YES;
				CLANG_WARN_ENUM_CONVERSION = YES;
				CLANG_WARN_INFINITE_RECURSION = YES;
				CLANG_WARN_INT_CONVERSION = YES;
				CLANG_WARN_OBJC_ROOT_CLASS = YES_ERROR;
				CLANG_WARN_SUSPICIOUS_MOVES = YES;
				CLANG_WARN_UNREACHABLE_CODE = YES;
				CLANG_WARN__DUPLICATE_METHOD_MATCH = YES;
				CODE_SIGN_IDENTITY = "-";
				COPY_PHASE_STRIP = NO;
				DEBUG_INFORMATION_FORMAT = dwarf;
				ENABLE_STRICT_OBJC_MSGSEND = YES;
				ENABLE_TESTABILITY = YES;
				GCC_C_LANGUAGE_STANDARD = gnu99;
				GCC_DYNAMIC_NO_PIC = NO;
				GCC_NO_COMMON_BLOCKS = YES;
				GCC_OPTIMIZATION_LEVEL = 0;
				GCC_PREPROCESSOR_DEFINITIONS = (
					"DEBUG=1",
					"$(inherited)",
				);
				GCC_WARN_64_TO_32_BIT_CONVERSION = YES;
				GCC_WARN_ABOUT_RETURN_TYPE = YES_ERROR;
				GCC_WARN_UNDECLARED_SELECTOR = YES;
				GCC_WARN_UNINITIALIZED_AUTOS = YES_AGGRESSIVE;
				GCC_WARN_UNUSED_FUNCTION = YES;
				GCC_WARN_UNUSED_VARIABLE = YES;
				MACOSX_DEPLOYMENT_TARGET = 10.11;
				MTL_ENABLE_DEBUG_INFO = YES;
				ONLY_ACTIVE_ARCH = YES;
				SDKROOT = macosx;
			};
			name = Debug;
		};
		BFC250111E43C72500DA783E /* Release */ = {
			isa = XCBuildConfiguration;
			buildSettings = {
				ALWAYS_SEARCH_USER_PATHS = NO;
				CLANG_ANALYZER_NONNULL = YES;
				CLANG_CXX_LANGUAGE_STANDARD = "gnu++0x";
				CLANG_CXX_LIBRARY = "libc++";
				CLANG_ENABLE_MODULES = YES;
				CLANG_ENABLE_OBJC_ARC = YES;
				CLANG_WARN_BOOL_CONVERSION = YES;
				CLANG_WARN_CONSTANT_CONVERSION = YES;
				CLANG_WARN_DIRECT_OBJC_ISA_USAGE = YES_ERROR;
				CLANG_WARN_DOCUMENTATION_COMMENTS = YES;
				CLANG_WARN_EMPTY_BODY = YES;
				CLANG_WARN_ENUM_CONVERSION = YES;
				CLANG_WARN_INFINITE_RECURSION = YES;
				CLANG_WARN_INT_CONVERSION = YES;
				CLANG_WARN_OBJC_ROOT_CLASS = YES_ERROR;
				CLANG_WARN_SUSPICIOUS_MOVES = YES;
				CLANG_WARN_UNREACHABLE_CODE = YES;
				CLANG_WARN__DUPLICATE_METHOD_MATCH = YES;
				CODE_SIGN_IDENTITY = "-";
				COPY_PHASE_STRIP = NO;
				DEBUG_INFORMATION_FORMAT = "dwarf-with-dsym";
				ENABLE_NS_ASSERTIONS = NO;
				ENABLE_STRICT_OBJC_MSGSEND = YES;
				GCC_C_LANGUAGE_STANDARD = gnu99;
				GCC_NO_COMMON_BLOCKS = YES;
				GCC_WARN_64_TO_32_BIT_CONVERSION = YES;
				GCC_WARN_ABOUT_RETURN_TYPE = YES_ERROR;
				GCC_WARN_UNDECLARED_SELECTOR = YES;
				GCC_WARN_UNINITIALIZED_AUTOS = YES_AGGRESSIVE;
				GCC_WARN_UNUSED_FUNCTION = YES;
				GCC_WARN_UNUSED_VARIABLE = YES;
				MACOSX_DEPLOYMENT_TARGET = 10.11;
				MTL_ENABLE_DEBUG_INFO = NO;
				SDKROOT = macosx;
			};
			name = Release;
		};
		BFC250131E43C72500DA783E /* Debug */ = {
			isa = XCBuildConfiguration;
			buildSettings = {
				PRODUCT_NAME = "$(TARGET_NAME)";
			};
			name = Debug;
		};
		BFC250141E43C72500DA783E /* Release */ = {
			isa = XCBuildConfiguration;
			buildSettings = {
				PRODUCT_NAME = "$(TARGET_NAME)";
			};
			name = Release;
		};
/* End XCBuildConfiguration section */

/* Begin XCConfigurationList section */
		BFC250061E43C72500DA783E /* Build configuration list for PBXProject "StringProject" */ = {
			isa = XCConfigurationList;
			buildConfigurations = (
				BFC250101E43C72500DA783E /* Debug */,
				BFC250111E43C72500DA783E /* Release */,
			);
			defaultConfigurationIsVisible = 0;
			defaultConfigurationName = Release;
		};
		BFC250121E43C72500DA783E /* Build configuration list for PBXNativeTarget "StringProject" */ = {
			isa = XCConfigurationList;
			buildConfigurations = (
				BFC250131E43C72500DA783E /* Debug */,
				BFC250141E43C72500DA783E /* Release */,
			);
			defaultConfigurationIsVisible = 0;
		};
/* End XCConfigurationList section */
	};
	rootObject = BFC250031E43C72500DA783E /* Project object */;
}
